
Microsoft Visual Studio Solution File, Format Version 12.00
# Visual Studio 15
VisualStudioVersion = 15.0.27130.2027
MinimumVisualStudioVersion = 10.0.40219.1
Project("{FAE04EC0-301F-11D3-BF4B-00C04F79EFBC}") = "Ex2 Members", "Ex1\Ex2 Members.csproj", "{2348C191-E19E-492A-BD5F-AEA97EAA4596}"
EndProject
Project("{FAE04EC0-301F-11D3-BF4B-00C04F79EFBC}") = "Ex1 Expense", "Ex2 Expense\Ex1 Expense.csproj", "{DA0CD03F-341C-462B-B6B4-00B8912FB811}"
EndProject
Global
	GlobalSection(SolutionConfigurationPlatforms) = preSolution
		Debug|Any CPU = Debug|Any CPU
		Release|Any CPU = Release|Any CPU
	EndGlobalSection
	GlobalSection(ProjectConfigurationPlatforms) = postSolution
		{2348C191-E19E-492A-BD5F-AEA97EAA4596}.Debug|Any CPU.ActiveCfg = Debug|Any CPU
		{2348C191-E19E-492A-BD5F-AEA97EAA4596}.Debug|Any CPU.Build.0 = Debug|Any CPU
		{2348C191-E19E-492A-BD5F-AEA97EAA4596}.Release|Any CPU.ActiveCfg = Release|Any CPU
		{2348C191-E19E-492A-BD5F-AEA97EAA4596}.Release|Any CPU.Build.0 = Release|Any CPU
		{DA0CD03F-341C-462B-B6B4-00B8912FB811}.Debug|Any CPU.ActiveCfg = Debug|Any CPU
		{DA0CD03F-341C-462B-B6B4-00B8912FB811}.Debug|Any CPU.Build.0 = Debug|Any CPU
		{DA0CD03F-341C-462B-B6B4-00B8912FB811}.Release|Any CPU.ActiveCfg = Release|Any CPU
		{DA0CD03F-341C-462B-B6B4-00B8912FB811}.Release|Any CPU.Build.0 = Release|Any CPU
	EndGlobalSection
	GlobalSection(SolutionProperties) = preSolution
		HideSolutionNode = FALSE
	EndGlobalSection
	GlobalSection(ExtensibilityGlobals) = postSolution
		SolutionGuid = {6C234C56-6F04-43BB-8A13-7423165A36EB}
	EndGlobalSection
EndGlobal
